
Microsoft Visual Studio Solution File, Format Version 12.00
# Visual Studio 15
VisualStudioVersion = 15.0.27130.2036
MinimumVisualStudioVersion = 10.0.40219.1
Project("{8BC9CEB8-8B4A-11D0-8D11-00A0C91BC942}") = "LeetCode", "LeetCode\LeetCode.vcxproj", "{E3576895-0312-4ED8-AA5A-B09F9C70904D}"
EndProject
Global
	GlobalSection(SolutionConfigurationPlatforms) = preSolution
		Debug|x64 = Debug|x64
		Debug|x86 = Debug|x86
		Release|x64 = Release|x64
		Release|x86 = Release|x86
	EndGlobalSection
	GlobalSection(ProjectConfigurationPlatforms) = postSolution
		{E3576895-0312-4ED8-AA5A-B09F9C70904D}.Debug|x64.ActiveCfg = Debug|x64
		{E3576895-0312-4ED8-AA5A-B09F9C70904D}.Debug|x64.Build.0 = Debug|x64
		{E3576895-0312-4ED8-AA5A-B09F9C70904D}.Debug|x86.ActiveCfg = Debug|Win32
		{E3576895-0312-4ED8-AA5A-B09F9C70904D}.Debug|x86.Build.0 = Debug|Win32
		{E3576895-0312-4ED8-AA5A-B09F9C70904D}.Release|x64.ActiveCfg = Release|x64
		{E3576895-0312-4ED8-AA5A-B09F9C70904D}.Release|x64.Build.0 = Release|x64
		{E3576895-0312-4ED8-AA5A-B09F9C70904D}.Release|x86.ActiveCfg = Release|Win32
		{E3576895-0312-4ED8-AA5A-B09F9C70904D}.Release|x86.Build.0 = Release|Win32
	EndGlobalSection
	GlobalSection(SolutionProperties) = preSolution
		HideSolutionNode = FALSE
	EndGlobalSection
	GlobalSection(ExtensibilityGlobals) = postSolution
		SolutionGuid = {5381BBC0-67C8-4717-A6A7-51AB0E78A44E}
	EndGlobalSection
EndGlobal
